// !$*UTF8*$!
{
	archiveVersion = 1;
	classes = {
	};
	objectVersion = 46;
	objects = {

/* Begin PBXBuildFile section */
		814965A61733CA7A00C7063A /* UIKit.framework in Frameworks */ = {isa = PBXBuildFile; fileRef = 814965A51733CA7A00C7063A /* UIKit.framework */; };
		814965A81733CA7A00C7063A /* Foundation.framework in Frameworks */ = {isa = PBXBuildFile; fileRef = 814965A71733CA7A00C7063A /* Foundation.framework */; };
		814965AA1733CA7A00C7063A /* CoreGraphics.framework in Frameworks */ = {isa = PBXBuildFile; fileRef = 814965A91733CA7A00C7063A /* CoreGraphics.framework */; };
		814965B01733CA7A00C7063A /* InfoPlist.strings in Resources */ = {isa = PBXBuildFile; fileRef = 814965AE1733CA7A00C7063A /* InfoPlist.strings */; };
		814965B21733CA7A00C7063A /* main.m in Sources */ = {isa = PBXBuildFile; fileRef = 814965B11733CA7A00C7063A /* main.m */; };
		814965B61733CA7A00C7063A /* AppDelegate.m in Sources */ = {isa = PBXBuildFile; fileRef = 814965B51733CA7A00C7063A /* AppDelegate.m */; };
		814965F61733D40400C7063A /* libxml2.dylib in Frameworks */ = {isa = PBXBuildFile; fileRef = 814965F51733D40400C7063A /* libxml2.dylib */; };
		814966141733D5C700C7063A /* CXMLDocument_CreationExtensions.m in Sources */ = {isa = PBXBuildFile; fileRef = 814965F91733D5C700C7063A /* CXMLDocument_CreationExtensions.m */; };
		814966151733D5C700C7063A /* CXMLNode_CreationExtensions.m in Sources */ = {isa = PBXBuildFile; fileRef = 814965FB1733D5C700C7063A /* CXMLNode_CreationExtensions.m */; };
		814966161733D5C700C7063A /* CXHTMLDocument.m in Sources */ = {isa = PBXBuildFile; fileRef = 814965FD1733D5C700C7063A /* CXHTMLDocument.m */; };
		814966171733D5C700C7063A /* CXMLDocument_PrivateExtensions.m in Sources */ = {isa = PBXBuildFile; fileRef = 814965FF1733D5C700C7063A /* CXMLDocument_PrivateExtensions.m */; };
		814966181733D5C700C7063A /* CXMLDocument.m in Sources */ = {isa = PBXBuildFile; fileRef = 814966011733D5C700C7063A /* CXMLDocument.m */; };
		814966191733D5C700C7063A /* CXMLElement_CreationExtensions.m in Sources */ = {isa = PBXBuildFile; fileRef = 814966031733D5C700C7063A /* CXMLElement_CreationExtensions.m */; };
		8149661A1733D5C700C7063A /* CXMLElement_ElementTreeExtensions.m in Sources */ = {isa = PBXBuildFile; fileRef = 814966051733D5C700C7063A /* CXMLElement_ElementTreeExtensions.m */; };
		8149661B1733D5C700C7063A /* CXMLElement.m in Sources */ = {isa = PBXBuildFile; fileRef = 814966071733D5C700C7063A /* CXMLElement.m */; };
		8149661C1733D5C700C7063A /* CXMLNamespaceNode.m in Sources */ = {isa = PBXBuildFile; fileRef = 814966091733D5C700C7063A /* CXMLNamespaceNode.m */; };
		8149661D1733D5C700C7063A /* CXMLNode_PrivateExtensions.m in Sources */ = {isa = PBXBuildFile; fileRef = 8149660B1733D5C700C7063A /* CXMLNode_PrivateExtensions.m */; };
		8149661E1733D5C700C7063A /* CXMLNode_XPathExtensions.m in Sources */ = {isa = PBXBuildFile; fileRef = 8149660D1733D5C700C7063A /* CXMLNode_XPathExtensions.m */; };
		8149661F1733D5C700C7063A /* CXMLNode.m in Sources */ = {isa = PBXBuildFile; fileRef = 8149660F1733D5C700C7063A /* CXMLNode.m */; };
		814966201733D5C700C7063A /* CTidy.m in Sources */ = {isa = PBXBuildFile; fileRef = 814966121733D5C700C7063A /* CTidy.m */; };
		A143011D173CFE0800E5518D /* OpenLigaScoreAPI.m in Sources */ = {isa = PBXBuildFile; fileRef = A143011C173CFE0800E5518D /* OpenLigaScoreAPI.m */; };
		A1A2F70B17464EDB00DFEF93 /* XMLConnectionStub.m in Sources */ = {isa = PBXBuildFile; fileRef = A1A2F70A17464EDB00DFEF93 /* XMLConnectionStub.m */; };
		DF0CBC3E175696E200E1F32D /* MatchNController.m in Sources */ = {isa = PBXBuildFile; fileRef = DF0CBC3D175696E200E1F32D /* MatchNController.m */; };
		DF12053A173CF65D004CD78F /* Match.m in Sources */ = {isa = PBXBuildFile; fileRef = DF120539173CF65D004CD78F /* Match.m */; };
		DF12053D173CF96D004CD78F /* Team.m in Sources */ = {isa = PBXBuildFile; fileRef = DF12053C173CF96D004CD78F /* Team.m */; };
		DF120540173CFA27004CD78F /* Goal.m in Sources */ = {isa = PBXBuildFile; fileRef = DF12053F173CFA27004CD78F /* Goal.m */; };
		DF15A0661762734A00C77308 /* TweetCell.m in Sources */ = {isa = PBXBuildFile; fileRef = DF15A0651762734A00C77308 /* TweetCell.m */; };
		DF15A06B17627F7300C77308 /* bg-cell-tweet-score@2x.png in Resources */ = {isa = PBXBuildFile; fileRef = DF15A06A17627F7300C77308 /* bg-cell-tweet-score@2x.png */; };
		DF15A06D176281F200C77308 /* bg-cell-tweet-score.png in Resources */ = {isa = PBXBuildFile; fileRef = DF15A06C176281F200C77308 /* bg-cell-tweet-score.png */; };
		DF2018B31757AED600BC8C20 /* Accounts.framework in Frameworks */ = {isa = PBXBuildFile; fileRef = DF2018B21757AED600BC8C20 /* Accounts.framework */; };
		DF2018C91757DE0900BC8C20 /* libRestKit.a in Frameworks */ = {isa = PBXBuildFile; fileRef = DF2018C01757DCA800BC8C20 /* libRestKit.a */; };
		DF2018CF1757DE8E00BC8C20 /* CFNetwork.framework in Frameworks */ = {isa = PBXBuildFile; fileRef = DF2018CE1757DE8E00BC8C20 /* CFNetwork.framework */; };
		DF2018D11757DE9600BC8C20 /* CoreData.framework in Frameworks */ = {isa = PBXBuildFile; fileRef = DF2018D01757DE9600BC8C20 /* CoreData.framework */; };
		DF2018D31757DEA200BC8C20 /* MobileCoreServices.framework in Frameworks */ = {isa = PBXBuildFile; fileRef = DF2018D21757DEA200BC8C20 /* MobileCoreServices.framework */; };
		DF2018D51757DEA700BC8C20 /* Security.framework in Frameworks */ = {isa = PBXBuildFile; fileRef = DF2018D41757DEA700BC8C20 /* Security.framework */; };
		DF2018D71757DEB000BC8C20 /* SystemConfiguration.framework in Frameworks */ = {isa = PBXBuildFile; fileRef = DF2018D61757DEB000BC8C20 /* SystemConfiguration.framework */; };
		DF2018DB1757E09200BC8C20 /* Tweet.m in Sources */ = {isa = PBXBuildFile; fileRef = DF2018DA1757E09200BC8C20 /* Tweet.m */; };
		DF20BCC9176B77E500044174 /* trennlinie.png in Resources */ = {isa = PBXBuildFile; fileRef = DF20BCC8176B77E500044174 /* trennlinie.png */; };
		DF20BCFB176B8C9D00044174 /* MatchTVController.m in Sources */ = {isa = PBXBuildFile; fileRef = DF20BCFA176B8C9D00044174 /* MatchTVController.m */; };
		DF3570E8173D3735002A3519 /* cell-transparency@2x.png in Resources */ = {isa = PBXBuildFile; fileRef = DF3570DD173D3735002A3519 /* cell-transparency@2x.png */; };
		DF3570E9173D3735002A3519 /* Default-568h@2x.png in Resources */ = {isa = PBXBuildFile; fileRef = DF3570DE173D3735002A3519 /* Default-568h@2x.png */; };
		DF3570EA173D3735002A3519 /* Default.png in Resources */ = {isa = PBXBuildFile; fileRef = DF3570DF173D3735002A3519 /* Default.png */; };
		DF3570EB173D3735002A3519 /* Default@2x.png in Resources */ = {isa = PBXBuildFile; fileRef = DF3570E0173D3735002A3519 /* Default@2x.png */; };
		DF3570EC173D3735002A3519 /* icon-navbar@2x.png in Resources */ = {isa = PBXBuildFile; fileRef = DF3570E1173D3735002A3519 /* icon-navbar@2x.png */; };
		DF3570ED173D3735002A3519 /* main-bg@2x.png in Resources */ = {isa = PBXBuildFile; fileRef = DF3570E2173D3735002A3519 /* main-bg@2x.png */; };
		DF3570EF173D3735002A3519 /* menu-bg@2x.png in Resources */ = {isa = PBXBuildFile; fileRef = DF3570E4173D3735002A3519 /* menu-bg@2x.png */; };
		DF3570F0173D3735002A3519 /* menu-hsection@2x.png in Resources */ = {isa = PBXBuildFile; fileRef = DF3570E5173D3735002A3519 /* menu-hsection@2x.png */; };
		DF3570F1173D3735002A3519 /* navbar-shadow@2x.png in Resources */ = {isa = PBXBuildFile; fileRef = DF3570E6173D3735002A3519 /* navbar-shadow@2x.png */; };
		DF3570F2173D3735002A3519 /* navbar@2x.png in Resources */ = {isa = PBXBuildFile; fileRef = DF3570E7173D3735002A3519 /* navbar@2x.png */; };
		DF3C5415174F918800C35C37 /* MatchCell.m in Sources */ = {isa = PBXBuildFile; fileRef = DF3C5414174F918800C35C37 /* MatchCell.m */; };
		DF3C5418174F9B9100C35C37 /* clock@2x.png in Resources */ = {isa = PBXBuildFile; fileRef = DF3C5416174F9B9100C35C37 /* clock@2x.png */; };
		DF3C5419174F9B9100C35C37 /* talk@2x.png in Resources */ = {isa = PBXBuildFile; fileRef = DF3C5417174F9B9100C35C37 /* talk@2x.png */; };
		DF3C541C174F9C6B00C35C37 /* clock.png in Resources */ = {isa = PBXBuildFile; fileRef = DF3C541A174F9C6B00C35C37 /* clock.png */; };
		DF3C541D174F9C6B00C35C37 /* talk.png in Resources */ = {isa = PBXBuildFile; fileRef = DF3C541B174F9C6B00C35C37 /* talk.png */; };
		DF3C541F1750176E00C35C37 /* score-bg.png in Resources */ = {isa = PBXBuildFile; fileRef = DF3C541E1750176E00C35C37 /* score-bg.png */; };
		DF7CC4D5176251F800671417 /* btn-commentary-s@2x.png in Resources */ = {isa = PBXBuildFile; fileRef = DF7CC4D3176251F800671417 /* btn-commentary-s@2x.png */; };
		DF7CC4D6176251F800671417 /* btn-commentary-us@2x.png in Resources */ = {isa = PBXBuildFile; fileRef = DF7CC4D4176251F800671417 /* btn-commentary-us@2x.png */; };
		DF7CC4DB1762585900671417 /* teams@2x.png in Resources */ = {isa = PBXBuildFile; fileRef = DF7CC4DA1762585900671417 /* teams@2x.png */; };
		DF80CB941761196D000B2162 /* TwitterAPI.m in Sources */ = {isa = PBXBuildFile; fileRef = DF80CB931761196D000B2162 /* TwitterAPI.m */; };
		DF86F58E173D172400DF4EAE /* MatchVController.m in Sources */ = {isa = PBXBuildFile; fileRef = DF86F584173D172400DF4EAE /* MatchVController.m */; };
		DF86F58F173D172400DF4EAE /* MenuVController.m in Sources */ = {isa = PBXBuildFile; fileRef = DF86F586173D172400DF4EAE /* MenuVController.m */; };
		DF86F595173D173600DF4EAE /* iPhone.storyboard in Resources */ = {isa = PBXBuildFile; fileRef = DF86F593173D173600DF4EAE /* iPhone.storyboard */; };
		DFB466E81764610700A14D37 /* SettingsTVController.m in Sources */ = {isa = PBXBuildFile; fileRef = DFB466E71764610700A14D37 /* SettingsTVController.m */; };
		DFB58396177B4B640084DFF5 /* icon.png in Resources */ = {isa = PBXBuildFile; fileRef = DFB58395177B4B630084DFF5 /* icon.png */; };
		DFB58398177B4B7A0084DFF5 /* icon@2x.png in Resources */ = {isa = PBXBuildFile; fileRef = DFB58397177B4B790084DFF5 /* icon@2x.png */; };
		DFDD40F817622DC400294B93 /* ScoreApi.m in Sources */ = {isa = PBXBuildFile; fileRef = DFDD40F717622DC400294B93 /* ScoreApi.m */; };
		DFE74E89174663EB00D14896 /* InitialSlidingVController.m in Sources */ = {isa = PBXBuildFile; fileRef = DF6BADA91746562D00B298FF /* InitialSlidingVController.m */; };
		DFE74E8F174664DD00D14896 /* ECSlidingViewController.m in Sources */ = {isa = PBXBuildFile; fileRef = DFE74E8C174664DD00D14896 /* ECSlidingViewController.m */; };
		DFE74E90174664DD00D14896 /* UIImage+ImageWithUIView.m in Sources */ = {isa = PBXBuildFile; fileRef = DFE74E8E174664DD00D14896 /* UIImage+ImageWithUIView.m */; };
		DFE74E93174676A100D14896 /* MatchGroup.m in Sources */ = {isa = PBXBuildFile; fileRef = DFE74E92174676A100D14896 /* MatchGroup.m */; };
		DFE74E96174680B600D14896 /* DummyScoreAPI.m in Sources */ = {isa = PBXBuildFile; fileRef = DFE74E95174680B600D14896 /* DummyScoreAPI.m */; };
		DFF545931757A30600061BD8 /* Social.framework in Frameworks */ = {isa = PBXBuildFile; fileRef = DFF545921757A30600061BD8 /* Social.framework */; };
/* End PBXBuildFile section */

/* Begin PBXContainerItemProxy section */
		DF2018BF1757DCA800BC8C20 /* PBXContainerItemProxy */ = {
			isa = PBXContainerItemProxy;
			containerPortal = DF2018B81757DCA800BC8C20 /* RestKit.xcodeproj */;
			proxyType = 2;
			remoteGlobalIDString = 25160D1614564E810060A5C5;
			remoteInfo = RestKit;
		};
		DF2018C11757DCA800BC8C20 /* PBXContainerItemProxy */ = {
			isa = PBXContainerItemProxy;
			containerPortal = DF2018B81757DCA800BC8C20 /* RestKit.xcodeproj */;
			proxyType = 2;
			remoteGlobalIDString = 25160D2614564E820060A5C5;
			remoteInfo = RestKitTests;
		};
		DF2018C31757DCA800BC8C20 /* PBXContainerItemProxy */ = {
			isa = PBXContainerItemProxy;
			containerPortal = DF2018B81757DCA800BC8C20 /* RestKit.xcodeproj */;
			proxyType = 2;
			remoteGlobalIDString = 25160E62145651060060A5C5;
			remoteInfo = RestKitFramework;
		};
		DF2018C51757DCA800BC8C20 /* PBXContainerItemProxy */ = {
			isa = PBXContainerItemProxy;
			containerPortal = DF2018B81757DCA800BC8C20 /* RestKit.xcodeproj */;
			proxyType = 2;
			remoteGlobalIDString = 25160E78145651060060A5C5;
			remoteInfo = RestKitFrameworkTests;
		};
		DF2018CC1757DE6700BC8C20 /* PBXContainerItemProxy */ = {
			isa = PBXContainerItemProxy;
			containerPortal = DF2018B81757DCA800BC8C20 /* RestKit.xcodeproj */;
			proxyType = 1;
			remoteGlobalIDString = 25160D1514564E810060A5C5;
			remoteInfo = RestKit;
		};
/* End PBXContainerItemProxy section */

/* Begin PBXFileReference section */
		814965A21733CA7A00C7063A /* Scoreboard.app */ = {isa = PBXFileReference; explicitFileType = wrapper.application; includeInIndex = 0; path = Scoreboard.app; sourceTree = BUILT_PRODUCTS_DIR; };
		814965A51733CA7A00C7063A /* UIKit.framework */ = {isa = PBXFileReference; lastKnownFileType = wrapper.framework; name = UIKit.framework; path = System/Library/Frameworks/UIKit.framework; sourceTree = SDKROOT; };
		814965A71733CA7A00C7063A /* Foundation.framework */ = {isa = PBXFileReference; lastKnownFileType = wrapper.framework; name = Foundation.framework; path = System/Library/Frameworks/Foundation.framework; sourceTree = SDKROOT; };
		814965A91733CA7A00C7063A /* CoreGraphics.framework */ = {isa = PBXFileReference; lastKnownFileType = wrapper.framework; name = CoreGraphics.framework; path = System/Library/Frameworks/CoreGraphics.framework; sourceTree = SDKROOT; };
		814965AD1733CA7A00C7063A /* myScoreBoard-Info.plist */ = {isa = PBXFileReference; lastKnownFileType = text.plist.xml; path = "myScoreBoard-Info.plist"; sourceTree = "<group>"; };
		814965AF1733CA7A00C7063A /* en */ = {isa = PBXFileReference; lastKnownFileType = text.plist.strings; name = en; path = en.lproj/InfoPlist.strings; sourceTree = "<group>"; };
		814965B11733CA7A00C7063A /* main.m */ = {isa = PBXFileReference; lastKnownFileType = sourcecode.c.objc; path = main.m; sourceTree = "<group>"; };
		814965B31733CA7A00C7063A /* myScoreBoard-Prefix.pch */ = {isa = PBXFileReference; lastKnownFileType = sourcecode.c.h; path = "myScoreBoard-Prefix.pch"; sourceTree = "<group>"; };
		814965B41733CA7A00C7063A /* AppDelegate.h */ = {isa = PBXFileReference; lastKnownFileType = sourcecode.c.h; path = AppDelegate.h; sourceTree = "<group>"; };
		814965B51733CA7A00C7063A /* AppDelegate.m */ = {isa = PBXFileReference; lastKnownFileType = sourcecode.c.objc; path = AppDelegate.m; sourceTree = "<group>"; };
		814965F51733D40400C7063A /* libxml2.dylib */ = {isa = PBXFileReference; lastKnownFileType = "compiled.mach-o.dylib"; name = libxml2.dylib; path = usr/lib/libxml2.dylib; sourceTree = SDKROOT; };
		814965F81733D5C700C7063A /* CXMLDocument_CreationExtensions.h */ = {isa = PBXFileReference; fileEncoding = 4; lastKnownFileType = sourcecode.c.h; path = CXMLDocument_CreationExtensions.h; sourceTree = "<group>"; };
		814965F91733D5C700C7063A /* CXMLDocument_CreationExtensions.m */ = {isa = PBXFileReference; fileEncoding = 4; lastKnownFileType = sourcecode.c.objc; path = CXMLDocument_CreationExtensions.m; sourceTree = "<group>"; };
		814965FA1733D5C700C7063A /* CXMLNode_CreationExtensions.h */ = {isa = PBXFileReference; fileEncoding = 4; lastKnownFileType = sourcecode.c.h; path = CXMLNode_CreationExtensions.h; sourceTree = "<group>"; };
		814965FB1733D5C700C7063A /* CXMLNode_CreationExtensions.m */ = {isa = PBXFileReference; fileEncoding = 4; lastKnownFileType = sourcecode.c.objc; path = CXMLNode_CreationExtensions.m; sourceTree = "<group>"; };
		814965FC1733D5C700C7063A /* CXHTMLDocument.h */ = {isa = PBXFileReference; fileEncoding = 4; lastKnownFileType = sourcecode.c.h; path = CXHTMLDocument.h; sourceTree = "<group>"; };
		814965FD1733D5C700C7063A /* CXHTMLDocument.m */ = {isa = PBXFileReference; fileEncoding = 4; lastKnownFileType = sourcecode.c.objc; path = CXHTMLDocument.m; sourceTree = "<group>"; };
		814965FE1733D5C700C7063A /* CXMLDocument_PrivateExtensions.h */ = {isa = PBXFileReference; fileEncoding = 4; lastKnownFileType = sourcecode.c.h; path = CXMLDocument_PrivateExtensions.h; sourceTree = "<group>"; };
		814965FF1733D5C700C7063A /* CXMLDocument_PrivateExtensions.m */ = {isa = PBXFileReference; fileEncoding = 4; lastKnownFileType = sourcecode.c.objc; path = CXMLDocument_PrivateExtensions.m; sourceTree = "<group>"; };
		814966001733D5C700C7063A /* CXMLDocument.h */ = {isa = PBXFileReference; fileEncoding = 4; lastKnownFileType = sourcecode.c.h; path = CXMLDocument.h; sourceTree = "<group>"; };
		814966011733D5C700C7063A /* CXMLDocument.m */ = {isa = PBXFileReference; fileEncoding = 4; lastKnownFileType = sourcecode.c.objc; path = CXMLDocument.m; sourceTree = "<group>"; };
		814966021733D5C700C7063A /* CXMLElement_CreationExtensions.h */ = {isa = PBXFileReference; fileEncoding = 4; lastKnownFileType = sourcecode.c.h; path = CXMLElement_CreationExtensions.h; sourceTree = "<group>"; };
		814966031733D5C700C7063A /* CXMLElement_CreationExtensions.m */ = {isa = PBXFileReference; fileEncoding = 4; lastKnownFileType = sourcecode.c.objc; path = CXMLElement_CreationExtensions.m; sourceTree = "<group>"; };
		814966041733D5C700C7063A /* CXMLElement_ElementTreeExtensions.h */ = {isa = PBXFileReference; fileEncoding = 4; lastKnownFileType = sourcecode.c.h; path = CXMLElement_ElementTreeExtensions.h; sourceTree = "<group>"; };
		814966051733D5C700C7063A /* CXMLElement_ElementTreeExtensions.m */ = {isa = PBXFileReference; fileEncoding = 4; lastKnownFileType = sourcecode.c.objc; path = CXMLElement_ElementTreeExtensions.m; sourceTree = "<group>"; };
		814966061733D5C700C7063A /* CXMLElement.h */ = {isa = PBXFileReference; fileEncoding = 4; lastKnownFileType = sourcecode.c.h; path = CXMLElement.h; sourceTree = "<group>"; };
		814966071733D5C700C7063A /* CXMLElement.m */ = {isa = PBXFileReference; fileEncoding = 4; lastKnownFileType = sourcecode.c.objc; path = CXMLElement.m; sourceTree = "<group>"; };
		814966081733D5C700C7063A /* CXMLNamespaceNode.h */ = {isa = PBXFileReference; fileEncoding = 4; lastKnownFileType = sourcecode.c.h; path = CXMLNamespaceNode.h; sourceTree = "<group>"; };
		814966091733D5C700C7063A /* CXMLNamespaceNode.m */ = {isa = PBXFileReference; fileEncoding = 4; lastKnownFileType = sourcecode.c.objc; path = CXMLNamespaceNode.m; sourceTree = "<group>"; };
		8149660A1733D5C700C7063A /* CXMLNode_PrivateExtensions.h */ = {isa = PBXFileReference; fileEncoding = 4; lastKnownFileType = sourcecode.c.h; path = CXMLNode_PrivateExtensions.h; sourceTree = "<group>"; };
		8149660B1733D5C700C7063A /* CXMLNode_PrivateExtensions.m */ = {isa = PBXFileReference; fileEncoding = 4; lastKnownFileType = sourcecode.c.objc; path = CXMLNode_PrivateExtensions.m; sourceTree = "<group>"; };
		8149660C1733D5C700C7063A /* CXMLNode_XPathExtensions.h */ = {isa = PBXFileReference; fileEncoding = 4; lastKnownFileType = sourcecode.c.h; path = CXMLNode_XPathExtensions.h; sourceTree = "<group>"; };
		8149660D1733D5C700C7063A /* CXMLNode_XPathExtensions.m */ = {isa = PBXFileReference; fileEncoding = 4; lastKnownFileType = sourcecode.c.objc; path = CXMLNode_XPathExtensions.m; sourceTree = "<group>"; };
		8149660E1733D5C700C7063A /* CXMLNode.h */ = {isa = PBXFileReference; fileEncoding = 4; lastKnownFileType = sourcecode.c.h; path = CXMLNode.h; sourceTree = "<group>"; };
		8149660F1733D5C700C7063A /* CXMLNode.m */ = {isa = PBXFileReference; fileEncoding = 4; lastKnownFileType = sourcecode.c.objc; path = CXMLNode.m; sourceTree = "<group>"; };
		814966111733D5C700C7063A /* CTidy.h */ = {isa = PBXFileReference; fileEncoding = 4; lastKnownFileType = sourcecode.c.h; path = CTidy.h; sourceTree = "<group>"; };
		814966121733D5C700C7063A /* CTidy.m */ = {isa = PBXFileReference; fileEncoding = 4; lastKnownFileType = sourcecode.c.objc; path = CTidy.m; sourceTree = "<group>"; };
		814966131733D5C700C7063A /* TouchXML.h */ = {isa = PBXFileReference; fileEncoding = 4; lastKnownFileType = sourcecode.c.h; path = TouchXML.h; sourceTree = "<group>"; };
		A143011B173CFE0800E5518D /* OpenLigaScoreAPI.h */ = {isa = PBXFileReference; fileEncoding = 4; lastKnownFileType = sourcecode.c.h; path = OpenLigaScoreAPI.h; sourceTree = "<group>"; };
		A143011C173CFE0800E5518D /* OpenLigaScoreAPI.m */ = {isa = PBXFileReference; fileEncoding = 4; lastKnownFileType = sourcecode.c.objc; path = OpenLigaScoreAPI.m; sourceTree = "<group>"; };
		A1A2F70917464EDB00DFEF93 /* XMLConnectionStub.h */ = {isa = PBXFileReference; fileEncoding = 4; lastKnownFileType = sourcecode.c.h; path = XMLConnectionStub.h; sourceTree = "<group>"; };
		A1A2F70A17464EDB00DFEF93 /* XMLConnectionStub.m */ = {isa = PBXFileReference; fileEncoding = 4; lastKnownFileType = sourcecode.c.objc; path = XMLConnectionStub.m; sourceTree = "<group>"; };
		DF0CBC3C175696E200E1F32D /* MatchNController.h */ = {isa = PBXFileReference; fileEncoding = 4; lastKnownFileType = sourcecode.c.h; path = MatchNController.h; sourceTree = "<group>"; };
		DF0CBC3D175696E200E1F32D /* MatchNController.m */ = {isa = PBXFileReference; fileEncoding = 4; lastKnownFileType = sourcecode.c.objc; path = MatchNController.m; sourceTree = "<group>"; };
		DF120538173CF65D004CD78F /* Match.h */ = {isa = PBXFileReference; fileEncoding = 4; lastKnownFileType = sourcecode.c.h; name = Match.h; path = Models/Match.h; sourceTree = "<group>"; };
		DF120539173CF65D004CD78F /* Match.m */ = {isa = PBXFileReference; fileEncoding = 4; lastKnownFileType = sourcecode.c.objc; name = Match.m; path = Models/Match.m; sourceTree = "<group>"; };
		DF12053B173CF96D004CD78F /* Team.h */ = {isa = PBXFileReference; fileEncoding = 4; lastKnownFileType = sourcecode.c.h; name = Team.h; path = Models/Team.h; sourceTree = "<group>"; };
		DF12053C173CF96D004CD78F /* Team.m */ = {isa = PBXFileReference; fileEncoding = 4; lastKnownFileType = sourcecode.c.objc; name = Team.m; path = Models/Team.m; sourceTree = "<group>"; };
		DF12053E173CFA27004CD78F /* Goal.h */ = {isa = PBXFileReference; fileEncoding = 4; lastKnownFileType = sourcecode.c.h; name = Goal.h; path = Models/Goal.h; sourceTree = "<group>"; };
		DF12053F173CFA27004CD78F /* Goal.m */ = {isa = PBXFileReference; fileEncoding = 4; lastKnownFileType = sourcecode.c.objc; name = Goal.m; path = Models/Goal.m; sourceTree = "<group>"; };
		DF15A0641762734A00C77308 /* TweetCell.h */ = {isa = PBXFileReference; fileEncoding = 4; lastKnownFileType = sourcecode.c.h; name = TweetCell.h; path = CustomViews/TweetCell.h; sourceTree = "<group>"; };
		DF15A0651762734A00C77308 /* TweetCell.m */ = {isa = PBXFileReference; fileEncoding = 4; lastKnownFileType = sourcecode.c.objc; name = TweetCell.m; path = CustomViews/TweetCell.m; sourceTree = "<group>"; };
		DF15A06A17627F7300C77308 /* bg-cell-tweet-score@2x.png */ = {isa = PBXFileReference; lastKnownFileType = image.png; name = "bg-cell-tweet-score@2x.png"; path = "Images/bg-cell-tweet-score@2x.png"; sourceTree = "<group>"; };
		DF15A06C176281F200C77308 /* bg-cell-tweet-score.png */ = {isa = PBXFileReference; lastKnownFileType = image.png; name = "bg-cell-tweet-score.png"; path = "Images/bg-cell-tweet-score.png"; sourceTree = "<group>"; };
		DF2018B21757AED600BC8C20 /* Accounts.framework */ = {isa = PBXFileReference; lastKnownFileType = wrapper.framework; name = Accounts.framework; path = System/Library/Frameworks/Accounts.framework; sourceTree = SDKROOT; };
		DF2018B81757DCA800BC8C20 /* RestKit.xcodeproj */ = {isa = PBXFileReference; lastKnownFileType = "wrapper.pb-project"; name = RestKit.xcodeproj; path = RestKit/RestKit.xcodeproj; sourceTree = "<group>"; };
		DF2018CE1757DE8E00BC8C20 /* CFNetwork.framework */ = {isa = PBXFileReference; lastKnownFileType = wrapper.framework; name = CFNetwork.framework; path = System/Library/Frameworks/CFNetwork.framework; sourceTree = SDKROOT; };
		DF2018D01757DE9600BC8C20 /* CoreData.framework */ = {isa = PBXFileReference; lastKnownFileType = wrapper.framework; name = CoreData.framework; path = System/Library/Frameworks/CoreData.framework; sourceTree = SDKROOT; };
		DF2018D21757DEA200BC8C20 /* MobileCoreServices.framework */ = {isa = PBXFileReference; lastKnownFileType = wrapper.framework; name = MobileCoreServices.framework; path = System/Library/Frameworks/MobileCoreServices.framework; sourceTree = SDKROOT; };
		DF2018D41757DEA700BC8C20 /* Security.framework */ = {isa = PBXFileReference; lastKnownFileType = wrapper.framework; name = Security.framework; path = System/Library/Frameworks/Security.framework; sourceTree = SDKROOT; };
		DF2018D61757DEB000BC8C20 /* SystemConfiguration.framework */ = {isa = PBXFileReference; lastKnownFileType = wrapper.framework; name = SystemConfiguration.framework; path = System/Library/Frameworks/SystemConfiguration.framework; sourceTree = SDKROOT; };
		DF2018D91757E09200BC8C20 /* Tweet.h */ = {isa = PBXFileReference; fileEncoding = 4; lastKnownFileType = sourcecode.c.h; name = Tweet.h; path = Models/Tweet.h; sourceTree = "<group>"; };
		DF2018DA1757E09200BC8C20 /* Tweet.m */ = {isa = PBXFileReference; fileEncoding = 4; lastKnownFileType = sourcecode.c.objc; name = Tweet.m; path = Models/Tweet.m; sourceTree = "<group>"; };
		DF20BCC8176B77E500044174 /* trennlinie.png */ = {isa = PBXFileReference; lastKnownFileType = image.png; name = trennlinie.png; path = Images/trennlinie.png; sourceTree = "<group>"; };
		DF20BCF9176B8C9D00044174 /* MatchTVController.h */ = {isa = PBXFileReference; fileEncoding = 4; lastKnownFileType = sourcecode.c.h; path = MatchTVController.h; sourceTree = "<group>"; };
		DF20BCFA176B8C9D00044174 /* MatchTVController.m */ = {isa = PBXFileReference; fileEncoding = 4; lastKnownFileType = sourcecode.c.objc; path = MatchTVController.m; sourceTree = "<group>"; };
		DF3570DD173D3735002A3519 /* cell-transparency@2x.png */ = {isa = PBXFileReference; lastKnownFileType = image.png; name = "cell-transparency@2x.png"; path = "Images/cell-transparency@2x.png"; sourceTree = "<group>"; };
		DF3570DE173D3735002A3519 /* Default-568h@2x.png */ = {isa = PBXFileReference; lastKnownFileType = image.png; name = "Default-568h@2x.png"; path = "Images/Default-568h@2x.png"; sourceTree = "<group>"; };
		DF3570DF173D3735002A3519 /* Default.png */ = {isa = PBXFileReference; lastKnownFileType = image.png; name = Default.png; path = Images/Default.png; sourceTree = "<group>"; };
		DF3570E0173D3735002A3519 /* Default@2x.png */ = {isa = PBXFileReference; lastKnownFileType = image.png; name = "Default@2x.png"; path = "Images/Default@2x.png"; sourceTree = "<group>"; };
		DF3570E1173D3735002A3519 /* icon-navbar@2x.png */ = {isa = PBXFileReference; lastKnownFileType = image.png; name = "icon-navbar@2x.png"; path = "Images/icon-navbar@2x.png"; sourceTree = "<group>"; };
		DF3570E2173D3735002A3519 /* main-bg@2x.png */ = {isa = PBXFileReference; lastKnownFileType = image.png; name = "main-bg@2x.png"; path = "Images/main-bg@2x.png"; sourceTree = "<group>"; };
		DF3570E4173D3735002A3519 /* menu-bg@2x.png */ = {isa = PBXFileReference; lastKnownFileType = image.png; name = "menu-bg@2x.png"; path = "Images/menu-bg@2x.png"; sourceTree = "<group>"; };
		DF3570E5173D3735002A3519 /* menu-hsection@2x.png */ = {isa = PBXFileReference; lastKnownFileType = image.png; name = "menu-hsection@2x.png"; path = "Images/menu-hsection@2x.png"; sourceTree = "<group>"; };
		DF3570E6173D3735002A3519 /* navbar-shadow@2x.png */ = {isa = PBXFileReference; lastKnownFileType = image.png; name = "navbar-shadow@2x.png"; path = "Images/navbar-shadow@2x.png"; sourceTree = "<group>"; };
		DF3570E7173D3735002A3519 /* navbar@2x.png */ = {isa = PBXFileReference; lastKnownFileType = image.png; name = "navbar@2x.png"; path = "Images/navbar@2x.png"; sourceTree = "<group>"; };
		DF3C5413174F918800C35C37 /* MatchCell.h */ = {isa = PBXFileReference; fileEncoding = 4; lastKnownFileType = sourcecode.c.h; name = MatchCell.h; path = CustomViews/MatchCell.h; sourceTree = "<group>"; };
		DF3C5414174F918800C35C37 /* MatchCell.m */ = {isa = PBXFileReference; fileEncoding = 4; lastKnownFileType = sourcecode.c.objc; name = MatchCell.m; path = CustomViews/MatchCell.m; sourceTree = "<group>"; };
		DF3C5416174F9B9100C35C37 /* clock@2x.png */ = {isa = PBXFileReference; lastKnownFileType = image.png; name = "clock@2x.png"; path = "Images/clock@2x.png"; sourceTree = "<group>"; };
		DF3C5417174F9B9100C35C37 /* talk@2x.png */ = {isa = PBXFileReference; lastKnownFileType = image.png; name = "talk@2x.png"; path = "Images/talk@2x.png"; sourceTree = "<group>"; };
		DF3C541A174F9C6B00C35C37 /* clock.png */ = {isa = PBXFileReference; lastKnownFileType = image.png; name = clock.png; path = Images/clock.png; sourceTree = "<group>"; };
		DF3C541B174F9C6B00C35C37 /* talk.png */ = {isa = PBXFileReference; lastKnownFileType = image.png; name = talk.png; path = Images/talk.png; sourceTree = "<group>"; };
		DF3C541E1750176E00C35C37 /* score-bg.png */ = {isa = PBXFileReference; lastKnownFileType = image.png; name = "score-bg.png"; path = "Images/score-bg.png"; sourceTree = "<group>"; };
		DF6BADA81746562D00B298FF /* InitialSlidingVController.h */ = {isa = PBXFileReference; fileEncoding = 4; lastKnownFileType = sourcecode.c.h; path = InitialSlidingVController.h; sourceTree = "<group>"; };
		DF6BADA91746562D00B298FF /* InitialSlidingVController.m */ = {isa = PBXFileReference; fileEncoding = 4; lastKnownFileType = sourcecode.c.objc; path = InitialSlidingVController.m; sourceTree = "<group>"; };
		DF7CC4D3176251F800671417 /* btn-commentary-s@2x.png */ = {isa = PBXFileReference; lastKnownFileType = image.png; name = "btn-commentary-s@2x.png"; path = "Images/btn-commentary-s@2x.png"; sourceTree = "<group>"; };
		DF7CC4D4176251F800671417 /* btn-commentary-us@2x.png */ = {isa = PBXFileReference; lastKnownFileType = image.png; name = "btn-commentary-us@2x.png"; path = "Images/btn-commentary-us@2x.png"; sourceTree = "<group>"; };
		DF7CC4DA1762585900671417 /* teams@2x.png */ = {isa = PBXFileReference; lastKnownFileType = image.png; name = "teams@2x.png"; path = "Images/teams@2x.png"; sourceTree = "<group>"; };
		DF80CB921761196D000B2162 /* TwitterAPI.h */ = {isa = PBXFileReference; fileEncoding = 4; lastKnownFileType = sourcecode.c.h; path = TwitterAPI.h; sourceTree = "<group>"; };
		DF80CB931761196D000B2162 /* TwitterAPI.m */ = {isa = PBXFileReference; fileEncoding = 4; lastKnownFileType = sourcecode.c.objc; path = TwitterAPI.m; sourceTree = "<group>"; };
		DF86F584173D172400DF4EAE /* MatchVController.m */ = {isa = PBXFileReference; fileEncoding = 4; lastKnownFileType = sourcecode.c.objc; path = MatchVController.m; sourceTree = "<group>"; };
		DF86F585173D172400DF4EAE /* MatchVController.h */ = {isa = PBXFileReference; fileEncoding = 4; lastKnownFileType = sourcecode.c.h; path = MatchVController.h; sourceTree = "<group>"; };
		DF86F586173D172400DF4EAE /* MenuVController.m */ = {isa = PBXFileReference; fileEncoding = 4; lastKnownFileType = sourcecode.c.objc; path = MenuVController.m; sourceTree = "<group>"; };
		DF86F587173D172400DF4EAE /* MenuVController.h */ = {isa = PBXFileReference; fileEncoding = 4; lastKnownFileType = sourcecode.c.h; path = MenuVController.h; sourceTree = "<group>"; };
		DF86F593173D173600DF4EAE /* iPhone.storyboard */ = {isa = PBXFileReference; fileEncoding = 4; lastKnownFileType = file.storyboard; path = iPhone.storyboard; sourceTree = "<group>"; };
		DFB466E61764610700A14D37 /* SettingsTVController.h */ = {isa = PBXFileReference; fileEncoding = 4; lastKnownFileType = sourcecode.c.h; path = SettingsTVController.h; sourceTree = "<group>"; };
		DFB466E71764610700A14D37 /* SettingsTVController.m */ = {isa = PBXFileReference; fileEncoding = 4; lastKnownFileType = sourcecode.c.objc; path = SettingsTVController.m; sourceTree = "<group>"; };
		DFB58395177B4B630084DFF5 /* icon.png */ = {isa = PBXFileReference; lastKnownFileType = image.png; name = icon.png; path = ../icon.png; sourceTree = "<group>"; };
		DFB58397177B4B790084DFF5 /* icon@2x.png */ = {isa = PBXFileReference; lastKnownFileType = image.png; name = "icon@2x.png"; path = "../icon@2x.png"; sourceTree = "<group>"; };
		DFDD40F31762077B00294B93 /* Util.h */ = {isa = PBXFileReference; fileEncoding = 4; lastKnownFileType = sourcecode.c.h; path = Util.h; sourceTree = "<group>"; };
		DFDD40F617622DC400294B93 /* ScoreApi.h */ = {isa = PBXFileReference; fileEncoding = 4; lastKnownFileType = sourcecode.c.h; path = ScoreApi.h; sourceTree = "<group>"; };
		DFDD40F717622DC400294B93 /* ScoreApi.m */ = {isa = PBXFileReference; fileEncoding = 4; lastKnownFileType = sourcecode.c.objc; path = ScoreApi.m; sourceTree = "<group>"; };
		DFE74E8B174664DD00D14896 /* ECSlidingViewController.h */ = {isa = PBXFileReference; fileEncoding = 4; lastKnownFileType = sourcecode.c.h; name = ECSlidingViewController.h; path = Vendor/ECSlidingViewController/ECSlidingViewController.h; sourceTree = "<group>"; };
		DFE74E8C174664DD00D14896 /* ECSlidingViewController.m */ = {isa = PBXFileReference; fileEncoding = 4; lastKnownFileType = sourcecode.c.objc; name = ECSlidingViewController.m; path = Vendor/ECSlidingViewController/ECSlidingViewController.m; sourceTree = "<group>"; };
		DFE74E8D174664DD00D14896 /* UIImage+ImageWithUIView.h */ = {isa = PBXFileReference; fileEncoding = 4; lastKnownFileType = sourcecode.c.h; name = "UIImage+ImageWithUIView.h"; path = "Vendor/ECSlidingViewController/UIImage+ImageWithUIView.h"; sourceTree = "<group>"; };
		DFE74E8E174664DD00D14896 /* UIImage+ImageWithUIView.m */ = {isa = PBXFileReference; fileEncoding = 4; lastKnownFileType = sourcecode.c.objc; name = "UIImage+ImageWithUIView.m"; path = "Vendor/ECSlidingViewController/UIImage+ImageWithUIView.m"; sourceTree = "<group>"; };
		DFE74E91174676A100D14896 /* MatchGroup.h */ = {isa = PBXFileReference; fileEncoding = 4; lastKnownFileType = sourcecode.c.h; name = MatchGroup.h; path = Models/MatchGroup.h; sourceTree = "<group>"; };
		DFE74E92174676A100D14896 /* MatchGroup.m */ = {isa = PBXFileReference; fileEncoding = 4; lastKnownFileType = sourcecode.c.objc; name = MatchGroup.m; path = Models/MatchGroup.m; sourceTree = "<group>"; };
		DFE74E94174680B600D14896 /* DummyScoreAPI.h */ = {isa = PBXFileReference; fileEncoding = 4; lastKnownFileType = sourcecode.c.h; path = DummyScoreAPI.h; sourceTree = "<group>"; };
		DFE74E95174680B600D14896 /* DummyScoreAPI.m */ = {isa = PBXFileReference; fileEncoding = 4; lastKnownFileType = sourcecode.c.objc; path = DummyScoreAPI.m; sourceTree = "<group>"; };
		DFF545921757A30600061BD8 /* Social.framework */ = {isa = PBXFileReference; lastKnownFileType = wrapper.framework; name = Social.framework; path = System/Library/Frameworks/Social.framework; sourceTree = SDKROOT; };
/* End PBXFileReference section */

/* Begin PBXFrameworksBuildPhase section */
		8149659F1733CA7A00C7063A /* Frameworks */ = {
			isa = PBXFrameworksBuildPhase;
			buildActionMask = 2147483647;
			files = (
				DF2018D71757DEB000BC8C20 /* SystemConfiguration.framework in Frameworks */,
				DF2018D51757DEA700BC8C20 /* Security.framework in Frameworks */,
				DF2018D31757DEA200BC8C20 /* MobileCoreServices.framework in Frameworks */,
				DF2018D11757DE9600BC8C20 /* CoreData.framework in Frameworks */,
				DF2018CF1757DE8E00BC8C20 /* CFNetwork.framework in Frameworks */,
				DF2018C91757DE0900BC8C20 /* libRestKit.a in Frameworks */,
				DF2018B31757AED600BC8C20 /* Accounts.framework in Frameworks */,
				DFF545931757A30600061BD8 /* Social.framework in Frameworks */,
				814965F61733D40400C7063A /* libxml2.dylib in Frameworks */,
				814965A61733CA7A00C7063A /* UIKit.framework in Frameworks */,
				814965A81733CA7A00C7063A /* Foundation.framework in Frameworks */,
				814965AA1733CA7A00C7063A /* CoreGraphics.framework in Frameworks */,
			);
			runOnlyForDeploymentPostprocessing = 0;
		};
/* End PBXFrameworksBuildPhase section */

/* Begin PBXGroup section */
		814965991733CA7900C7063A = {
			isa = PBXGroup;
			children = (
				814965AB1733CA7A00C7063A /* myScoreBoard */,
				814965A41733CA7A00C7063A /* Frameworks */,
				814965A31733CA7A00C7063A /* Products */,
				DF2018B81757DCA800BC8C20 /* RestKit.xcodeproj */,
			);
			sourceTree = "<group>";
		};
		814965A31733CA7A00C7063A /* Products */ = {
			isa = PBXGroup;
			children = (
				814965A21733CA7A00C7063A /* Scoreboard.app */,
			);
			name = Products;
			sourceTree = "<group>";
		};
		814965A41733CA7A00C7063A /* Frameworks */ = {
			isa = PBXGroup;
			children = (
				DF2018D61757DEB000BC8C20 /* SystemConfiguration.framework */,
				DF2018D41757DEA700BC8C20 /* Security.framework */,
				DF2018D21757DEA200BC8C20 /* MobileCoreServices.framework */,
				DF2018D01757DE9600BC8C20 /* CoreData.framework */,
				DF2018CE1757DE8E00BC8C20 /* CFNetwork.framework */,
				DF2018B21757AED600BC8C20 /* Accounts.framework */,
				DFF545921757A30600061BD8 /* Social.framework */,
				814965F51733D40400C7063A /* libxml2.dylib */,
				814965A51733CA7A00C7063A /* UIKit.framework */,
				814965A71733CA7A00C7063A /* Foundation.framework */,
				814965A91733CA7A00C7063A /* CoreGraphics.framework */,
			);
			name = Frameworks;
			sourceTree = "<group>";
		};
		814965AB1733CA7A00C7063A /* myScoreBoard */ = {
			isa = PBXGroup;
			children = (
				814965B41733CA7A00C7063A /* AppDelegate.h */,
				814965B51733CA7A00C7063A /* AppDelegate.m */,
				DF86F593173D173600DF4EAE /* iPhone.storyboard */,
				DF6BADA81746562D00B298FF /* InitialSlidingVController.h */,
				DF6BADA91746562D00B298FF /* InitialSlidingVController.m */,
				DF86F587173D172400DF4EAE /* MenuVController.h */,
				DF86F586173D172400DF4EAE /* MenuVController.m */,
				DF0CBC3C175696E200E1F32D /* MatchNController.h */,
				DF0CBC3D175696E200E1F32D /* MatchNController.m */,
				DF86F585173D172400DF4EAE /* MatchVController.h */,
				DF86F584173D172400DF4EAE /* MatchVController.m */,
				DF20BCF9176B8C9D00044174 /* MatchTVController.h */,
				DF20BCFA176B8C9D00044174 /* MatchTVController.m */,
				DFB466E61764610700A14D37 /* SettingsTVController.h */,
				DFB466E71764610700A14D37 /* SettingsTVController.m */,
				DF80CB8E176118C6000B2162 /* Controller Helpers */,
				DF3570F3173D3B66002A3519 /* CustomViews */,
				DF120537173CF61D004CD78F /* Models */,
				A143011B173CFE0800E5518D /* OpenLigaScoreAPI.h */,
				A143011C173CFE0800E5518D /* OpenLigaScoreAPI.m */,
				A1A2F70917464EDB00DFEF93 /* XMLConnectionStub.h */,
				A1A2F70A17464EDB00DFEF93 /* XMLConnectionStub.m */,
				DFDD40F617622DC400294B93 /* ScoreApi.h */,
				DFDD40F717622DC400294B93 /* ScoreApi.m */,
				DFE74E94174680B600D14896 /* DummyScoreAPI.h */,
				DFE74E95174680B600D14896 /* DummyScoreAPI.m */,
				DF6BAD9717464FF900B298FF /* Vendor */,
				814965AC1733CA7A00C7063A /* Supporting Files */,
			);
			path = myScoreBoard;
			sourceTree = "<group>";
		};
		814965AC1733CA7A00C7063A /* Supporting Files */ = {
			isa = PBXGroup;
			children = (
				DFB58397177B4B790084DFF5 /* icon@2x.png */,
				DFB58395177B4B630084DFF5 /* icon.png */,
				DF3570DB173D2407002A3519 /* Images */,
				814965AD1733CA7A00C7063A /* myScoreBoard-Info.plist */,
				814965AE1733CA7A00C7063A /* InfoPlist.strings */,
				814965B11733CA7A00C7063A /* main.m */,
				814965B31733CA7A00C7063A /* myScoreBoard-Prefix.pch */,
			);
			name = "Supporting Files";
			sourceTree = "<group>";
		};
		814965F71733D5C700C7063A /* Creation */ = {
			isa = PBXGroup;
			children = (
				814965F81733D5C700C7063A /* CXMLDocument_CreationExtensions.h */,
				814965F91733D5C700C7063A /* CXMLDocument_CreationExtensions.m */,
				814965FA1733D5C700C7063A /* CXMLNode_CreationExtensions.h */,
				814965FB1733D5C700C7063A /* CXMLNode_CreationExtensions.m */,
			);
			path = Creation;
			sourceTree = "<group>";
		};
		814966101733D5C700C7063A /* Tidy */ = {
			isa = PBXGroup;
			children = (
				814966111733D5C700C7063A /* CTidy.h */,
				814966121733D5C700C7063A /* CTidy.m */,
			);
			path = Tidy;
			sourceTree = "<group>";
		};
		814966211733D5CD00C7063A /* TouchXML */ = {
			isa = PBXGroup;
			children = (
				814965F71733D5C700C7063A /* Creation */,
				814965FC1733D5C700C7063A /* CXHTMLDocument.h */,
				814965FD1733D5C700C7063A /* CXHTMLDocument.m */,
				814965FE1733D5C700C7063A /* CXMLDocument_PrivateExtensions.h */,
				814965FF1733D5C700C7063A /* CXMLDocument_PrivateExtensions.m */,
				814966001733D5C700C7063A /* CXMLDocument.h */,
				814966011733D5C700C7063A /* CXMLDocument.m */,
				814966021733D5C700C7063A /* CXMLElement_CreationExtensions.h */,
				814966031733D5C700C7063A /* CXMLElement_CreationExtensions.m */,
				814966041733D5C700C7063A /* CXMLElement_ElementTreeExtensions.h */,
				814966051733D5C700C7063A /* CXMLElement_ElementTreeExtensions.m */,
				814966061733D5C700C7063A /* CXMLElement.h */,
				814966071733D5C700C7063A /* CXMLElement.m */,
				814966081733D5C700C7063A /* CXMLNamespaceNode.h */,
				814966091733D5C700C7063A /* CXMLNamespaceNode.m */,
				8149660A1733D5C700C7063A /* CXMLNode_PrivateExtensions.h */,
				8149660B1733D5C700C7063A /* CXMLNode_PrivateExtensions.m */,
				8149660C1733D5C700C7063A /* CXMLNode_XPathExtensions.h */,
				8149660D1733D5C700C7063A /* CXMLNode_XPathExtensions.m */,
				8149660E1733D5C700C7063A /* CXMLNode.h */,
				8149660F1733D5C700C7063A /* CXMLNode.m */,
				814966101733D5C700C7063A /* Tidy */,
				814966131733D5C700C7063A /* TouchXML.h */,
			);
			name = TouchXML;
			path = Vendor/TouchXML;
			sourceTree = "<group>";
		};
		DF120537173CF61D004CD78F /* Models */ = {
			isa = PBXGroup;
			children = (
				DF120538173CF65D004CD78F /* Match.h */,
				DF120539173CF65D004CD78F /* Match.m */,
				DFE74E91174676A100D14896 /* MatchGroup.h */,
				DFE74E92174676A100D14896 /* MatchGroup.m */,
				DF12053B173CF96D004CD78F /* Team.h */,
				DF12053C173CF96D004CD78F /* Team.m */,
				DF12053E173CFA27004CD78F /* Goal.h */,
				DF12053F173CFA27004CD78F /* Goal.m */,
				DF2018D91757E09200BC8C20 /* Tweet.h */,
				DF2018DA1757E09200BC8C20 /* Tweet.m */,
			);
			name = Models;
			sourceTree = "<group>";
		};
		DF2018B91757DCA800BC8C20 /* Products */ = {
			isa = PBXGroup;
			children = (
				DF2018C01757DCA800BC8C20 /* libRestKit.a */,
				DF2018C21757DCA800BC8C20 /* RestKitTests.octest */,
				DF2018C41757DCA800BC8C20 /* RestKit.framework */,
				DF2018C61757DCA800BC8C20 /* RestKitFrameworkTests.octest */,
			);
			name = Products;
			sourceTree = "<group>";
		};
		DF3570DB173D2407002A3519 /* Images */ = {
			isa = PBXGroup;
			children = (
				DF20BCC8176B77E500044174 /* trennlinie.png */,
				DF15A06C176281F200C77308 /* bg-cell-tweet-score.png */,
				DF15A06A17627F7300C77308 /* bg-cell-tweet-score@2x.png */,
				DF7CC4DA1762585900671417 /* teams@2x.png */,
				DF7CC4D3176251F800671417 /* btn-commentary-s@2x.png */,
				DF7CC4D4176251F800671417 /* btn-commentary-us@2x.png */,
				DF3C541E1750176E00C35C37 /* score-bg.png */,
				DF3C541A174F9C6B00C35C37 /* clock.png */,
				DF3C541B174F9C6B00C35C37 /* talk.png */,
				DF3C5416174F9B9100C35C37 /* clock@2x.png */,
				DF3C5417174F9B9100C35C37 /* talk@2x.png */,
				DF3570DD173D3735002A3519 /* cell-transparency@2x.png */,
				DF3570DE173D3735002A3519 /* Default-568h@2x.png */,
				DF3570DF173D3735002A3519 /* Default.png */,
				DF3570E0173D3735002A3519 /* Default@2x.png */,
				DF3570E1173D3735002A3519 /* icon-navbar@2x.png */,
				DF3570E2173D3735002A3519 /* main-bg@2x.png */,
				DF3570E4173D3735002A3519 /* menu-bg@2x.png */,
				DF3570E5173D3735002A3519 /* menu-hsection@2x.png */,
				DF3570E6173D3735002A3519 /* navbar-shadow@2x.png */,
				DF3570E7173D3735002A3519 /* navbar@2x.png */,
			);
			name = Images;
			sourceTree = "<group>";
		};
		DF3570F3173D3B66002A3519 /* CustomViews */ = {
			isa = PBXGroup;
			children = (
				DF3C5413174F918800C35C37 /* MatchCell.h */,
				DF3C5414174F918800C35C37 /* MatchCell.m */,
				DF15A0641762734A00C77308 /* TweetCell.h */,
				DF15A0651762734A00C77308 /* TweetCell.m */,
			);
			name = CustomViews;
			sourceTree = "<group>";
		};
		DF6BAD9717464FF900B298FF /* Vendor */ = {
			isa = PBXGroup;
			children = (
				DFE74E8A174664C600D14896 /* ECSlidingViewController */,
				814966211733D5CD00C7063A /* TouchXML */,
			);
			name = Vendor;
			sourceTree = "<group>";
		};
		DF80CB8E176118C6000B2162 /* Controller Helpers */ = {
			isa = PBXGroup;
			children = (
				DF80CB921761196D000B2162 /* TwitterAPI.h */,
				DF80CB931761196D000B2162 /* TwitterAPI.m */,
				DFDD40F31762077B00294B93 /* Util.h */,
			);
			name = "Controller Helpers";
			sourceTree = "<group>";
		};
		DFE74E8A174664C600D14896 /* ECSlidingViewController */ = {
			isa = PBXGroup;
			children = (
				DFE74E8B174664DD00D14896 /* ECSlidingViewController.h */,
				DFE74E8C174664DD00D14896 /* ECSlidingViewController.m */,
				DFE74E8D174664DD00D14896 /* UIImage+ImageWithUIView.h */,
				DFE74E8E174664DD00D14896 /* UIImage+ImageWithUIView.m */,
			);
			name = ECSlidingViewController;
			sourceTree = "<group>";
		};
/* End PBXGroup section */

/* Begin PBXNativeTarget section */
		814965A11733CA7A00C7063A /* Scoreboard */ = {
			isa = PBXNativeTarget;
			buildConfigurationList = 814965C51733CA7A00C7063A /* Build configuration list for PBXNativeTarget "Scoreboard" */;
			buildPhases = (
				8149659E1733CA7A00C7063A /* Sources */,
				8149659F1733CA7A00C7063A /* Frameworks */,
				814965A01733CA7A00C7063A /* Resources */,
			);
			buildRules = (
			);
			dependencies = (
				DF2018CD1757DE6700BC8C20 /* PBXTargetDependency */,
			);
			name = Scoreboard;
			productName = myScoreBoard;
			productReference = 814965A21733CA7A00C7063A /* Scoreboard.app */;
			productType = "com.apple.product-type.application";
		};
/* End PBXNativeTarget section */

/* Begin PBXProject section */
		8149659A1733CA7900C7063A /* Project object */ = {
			isa = PBXProject;
			attributes = {
				LastUpgradeCheck = 0460;
				ORGANIZATIONNAME = 28Apps;
			};
			buildConfigurationList = 8149659D1733CA7900C7063A /* Build configuration list for PBXProject "myScoreBoard" */;
			compatibilityVersion = "Xcode 3.2";
			developmentRegion = English;
			hasScannedForEncodings = 0;
			knownRegions = (
				en,
			);
			mainGroup = 814965991733CA7900C7063A;
			productRefGroup = 814965A31733CA7A00C7063A /* Products */;
			projectDirPath = "";
			projectReferences = (
				{
					ProductGroup = DF2018B91757DCA800BC8C20 /* Products */;
					ProjectRef = DF2018B81757DCA800BC8C20 /* RestKit.xcodeproj */;
				},
			);
			projectRoot = "";
			targets = (
				814965A11733CA7A00C7063A /* Scoreboard */,
			);
		};
/* End PBXProject section */

/* Begin PBXReferenceProxy section */
		DF2018C01757DCA800BC8C20 /* libRestKit.a */ = {
			isa = PBXReferenceProxy;
			fileType = archive.ar;
			path = libRestKit.a;
			remoteRef = DF2018BF1757DCA800BC8C20 /* PBXContainerItemProxy */;
			sourceTree = BUILT_PRODUCTS_DIR;
		};
		DF2018C21757DCA800BC8C20 /* RestKitTests.octest */ = {
			isa = PBXReferenceProxy;
			fileType = wrapper.cfbundle;
			path = RestKitTests.octest;
			remoteRef = DF2018C11757DCA800BC8C20 /* PBXContainerItemProxy */;
			sourceTree = BUILT_PRODUCTS_DIR;
		};
		DF2018C41757DCA800BC8C20 /* RestKit.framework */ = {
			isa = PBXReferenceProxy;
			fileType = wrapper.framework;
			path = RestKit.framework;
			remoteRef = DF2018C31757DCA800BC8C20 /* PBXContainerItemProxy */;
			sourceTree = BUILT_PRODUCTS_DIR;
		};
		DF2018C61757DCA800BC8C20 /* RestKitFrameworkTests.octest */ = {
			isa = PBXReferenceProxy;
			fileType = wrapper.cfbundle;
			path = RestKitFrameworkTests.octest;
			remoteRef = DF2018C51757DCA800BC8C20 /* PBXContainerItemProxy */;
			sourceTree = BUILT_PRODUCTS_DIR;
		};
/* End PBXReferenceProxy section */

/* Begin PBXResourcesBuildPhase section */
		814965A01733CA7A00C7063A /* Resources */ = {
			isa = PBXResourcesBuildPhase;
			buildActionMask = 2147483647;
			files = (
				814965B01733CA7A00C7063A /* InfoPlist.strings in Resources */,
				DF86F595173D173600DF4EAE /* iPhone.storyboard in Resources */,
				DF3570E8173D3735002A3519 /* cell-transparency@2x.png in Resources */,
				DF3570E9173D3735002A3519 /* Default-568h@2x.png in Resources */,
				DF3570EA173D3735002A3519 /* Default.png in Resources */,
				DF3570EB173D3735002A3519 /* Default@2x.png in Resources */,
				DF3570EC173D3735002A3519 /* icon-navbar@2x.png in Resources */,
				DF3570ED173D3735002A3519 /* main-bg@2x.png in Resources */,
				DF3570EF173D3735002A3519 /* menu-bg@2x.png in Resources */,
				DF3570F0173D3735002A3519 /* menu-hsection@2x.png in Resources */,
				DF3570F1173D3735002A3519 /* navbar-shadow@2x.png in Resources */,
				DF3570F2173D3735002A3519 /* navbar@2x.png in Resources */,
				DF3C5418174F9B9100C35C37 /* clock@2x.png in Resources */,
				DF3C5419174F9B9100C35C37 /* talk@2x.png in Resources */,
				DF3C541C174F9C6B00C35C37 /* clock.png in Resources */,
				DF3C541D174F9C6B00C35C37 /* talk.png in Resources */,
				DF3C541F1750176E00C35C37 /* score-bg.png in Resources */,
				DF7CC4D5176251F800671417 /* btn-commentary-s@2x.png in Resources */,
				DF7CC4D6176251F800671417 /* btn-commentary-us@2x.png in Resources */,
				DF7CC4DB1762585900671417 /* teams@2x.png in Resources */,
				DF15A06B17627F7300C77308 /* bg-cell-tweet-score@2x.png in Resources */,
				DF15A06D176281F200C77308 /* bg-cell-tweet-score.png in Resources */,
				DF20BCC9176B77E500044174 /* trennlinie.png in Resources */,
				DFB58396177B4B640084DFF5 /* icon.png in Resources */,
				DFB58398177B4B7A0084DFF5 /* icon@2x.png in Resources */,
			);
			runOnlyForDeploymentPostprocessing = 0;
		};
/* End PBXResourcesBuildPhase section */

/* Begin PBXSourcesBuildPhase section */
		8149659E1733CA7A00C7063A /* Sources */ = {
			isa = PBXSourcesBuildPhase;
			buildActionMask = 2147483647;
			files = (
				814965B21733CA7A00C7063A /* main.m in Sources */,
				814965B61733CA7A00C7063A /* AppDelegate.m in Sources */,
				814966141733D5C700C7063A /* CXMLDocument_CreationExtensions.m in Sources */,
				814966151733D5C700C7063A /* CXMLNode_CreationExtensions.m in Sources */,
				814966161733D5C700C7063A /* CXHTMLDocument.m in Sources */,
				814966171733D5C700C7063A /* CXMLDocument_PrivateExtensions.m in Sources */,
				814966181733D5C700C7063A /* CXMLDocument.m in Sources */,
				814966191733D5C700C7063A /* CXMLElement_CreationExtensions.m in Sources */,
				8149661A1733D5C700C7063A /* CXMLElement_ElementTreeExtensions.m in Sources */,
				8149661B1733D5C700C7063A /* CXMLElement.m in Sources */,
				8149661C1733D5C700C7063A /* CXMLNamespaceNode.m in Sources */,
				8149661D1733D5C700C7063A /* CXMLNode_PrivateExtensions.m in Sources */,
				8149661E1733D5C700C7063A /* CXMLNode_XPathExtensions.m in Sources */,
				8149661F1733D5C700C7063A /* CXMLNode.m in Sources */,
				814966201733D5C700C7063A /* CTidy.m in Sources */,
				DF12053A173CF65D004CD78F /* Match.m in Sources */,
				DF12053D173CF96D004CD78F /* Team.m in Sources */,
				DF120540173CFA27004CD78F /* Goal.m in Sources */,
				A143011D173CFE0800E5518D /* OpenLigaScoreAPI.m in Sources */,
				DF86F58E173D172400DF4EAE /* MatchVController.m in Sources */,
				DF86F58F173D172400DF4EAE /* MenuVController.m in Sources */,
				A1A2F70B17464EDB00DFEF93 /* XMLConnectionStub.m in Sources */,
				DFE74E89174663EB00D14896 /* InitialSlidingVController.m in Sources */,
				DFE74E8F174664DD00D14896 /* ECSlidingViewController.m in Sources */,
				DFE74E90174664DD00D14896 /* UIImage+ImageWithUIView.m in Sources */,
				DFE74E93174676A100D14896 /* MatchGroup.m in Sources */,
				DFE74E96174680B600D14896 /* DummyScoreAPI.m in Sources */,
				DF3C5415174F918800C35C37 /* MatchCell.m in Sources */,
				DF0CBC3E175696E200E1F32D /* MatchNController.m in Sources */,
				DF2018DB1757E09200BC8C20 /* Tweet.m in Sources */,
				DF80CB941761196D000B2162 /* TwitterAPI.m in Sources */,
				DFDD40F817622DC400294B93 /* ScoreApi.m in Sources */,
				DF15A0661762734A00C77308 /* TweetCell.m in Sources */,
				DFB466E81764610700A14D37 /* SettingsTVController.m in Sources */,
				DF20BCFB176B8C9D00044174 /* MatchTVController.m in Sources */,
			);
			runOnlyForDeploymentPostprocessing = 0;
		};
/* End PBXSourcesBuildPhase section */

/* Begin PBXTargetDependency section */
		DF2018CD1757DE6700BC8C20 /* PBXTargetDependency */ = {
			isa = PBXTargetDependency;
			name = RestKit;
			targetProxy = DF2018CC1757DE6700BC8C20 /* PBXContainerItemProxy */;
		};
/* End PBXTargetDependency section */

/* Begin PBXVariantGroup section */
		814965AE1733CA7A00C7063A /* InfoPlist.strings */ = {
			isa = PBXVariantGroup;
			children = (
				814965AF1733CA7A00C7063A /* en */,
			);
			name = InfoPlist.strings;
			sourceTree = "<group>";
		};
/* End PBXVariantGroup section */

/* Begin XCBuildConfiguration section */
		814965C31733CA7A00C7063A /* Debug */ = {
			isa = XCBuildConfiguration;
			buildSettings = {
				ALWAYS_SEARCH_USER_PATHS = YES;
				CLANG_CXX_LANGUAGE_STANDARD = "gnu++0x";
				CLANG_CXX_LIBRARY = "libc++";
				CLANG_ENABLE_OBJC_ARC = YES;
				CLANG_WARN_CONSTANT_CONVERSION = YES;
				CLANG_WARN_EMPTY_BODY = YES;
				CLANG_WARN_ENUM_CONVERSION = YES;
				CLANG_WARN_INT_CONVERSION = YES;
				CLANG_WARN__DUPLICATE_METHOD_MATCH = YES;
				"CODE_SIGN_IDENTITY[sdk=iphoneos*]" = "iPhone Developer";
				COPY_PHASE_STRIP = NO;
				GCC_C_LANGUAGE_STANDARD = gnu99;
				GCC_DYNAMIC_NO_PIC = NO;
				GCC_OPTIMIZATION_LEVEL = 0;
				GCC_PREPROCESSOR_DEFINITIONS = (
					"DEBUG=1",
					"$(inherited)",
				);
				GCC_SYMBOLS_PRIVATE_EXTERN = NO;
				GCC_WARN_ABOUT_RETURN_TYPE = YES;
				GCC_WARN_UNINITIALIZED_AUTOS = YES;
				GCC_WARN_UNUSED_VARIABLE = YES;
				HEADER_SEARCH_PATHS = (
					/usr/include/libxml2,
					"$(BUILT_PRODUCTS_DIR)/../../Headers",
				);
				IPHONEOS_DEPLOYMENT_TARGET = 6.1;
				ONLY_ACTIVE_ARCH = YES;
				OTHER_LDFLAGS = (
					"-ObjC",
					"-all_load",
					"-lxml2",
				);
				SDKROOT = iphoneos;
			};
			name = Debug;
		};
		814965C41733CA7A00C7063A /* Release */ = {
			isa = XCBuildConfiguration;
			buildSettings = {
				ALWAYS_SEARCH_USER_PATHS = YES;
				CLANG_CXX_LANGUAGE_STANDARD = "gnu++0x";
				CLANG_CXX_LIBRARY = "libc++";
				CLANG_ENABLE_OBJC_ARC = YES;
				CLANG_WARN_CONSTANT_CONVERSION = YES;
				CLANG_WARN_EMPTY_BODY = YES;
				CLANG_WARN_ENUM_CONVERSION = YES;
				CLANG_WARN_INT_CONVERSION = YES;
				CLANG_WARN__DUPLICATE_METHOD_MATCH = YES;
				"CODE_SIGN_IDENTITY[sdk=iphoneos*]" = "iPhone Developer";
				COPY_PHASE_STRIP = YES;
				GCC_C_LANGUAGE_STANDARD = gnu99;
				GCC_WARN_ABOUT_RETURN_TYPE = YES;
				GCC_WARN_UNINITIALIZED_AUTOS = YES;
				GCC_WARN_UNUSED_VARIABLE = YES;
				HEADER_SEARCH_PATHS = (
					/usr/include/libxml2,
					"$(BUILT_PRODUCTS_DIR)/../../Headers",
				);
				IPHONEOS_DEPLOYMENT_TARGET = 6.1;
				OTHER_CFLAGS = "-DNS_BLOCK_ASSERTIONS=1";
				OTHER_LDFLAGS = (
					"-ObjC",
					"-all_load",
					"-lxml2",
				);
				SDKROOT = iphoneos;
				VALIDATE_PRODUCT = YES;
			};
			name = Release;
		};
		814965C61733CA7A00C7063A /* Debug */ = {
			isa = XCBuildConfiguration;
			buildSettings = {
				GCC_PRECOMPILE_PREFIX_HEADER = YES;
				GCC_PREFIX_HEADER = "myScoreBoard/myScoreBoard-Prefix.pch";
				INFOPLIST_FILE = "myScoreBoard/myScoreBoard-Info.plist";
				IPHONEOS_DEPLOYMENT_TARGET = 6.0;
				PRODUCT_NAME = "$(TARGET_NAME)";
				WRAPPER_EXTENSION = app;
			};
			name = Debug;
		};
		814965C71733CA7A00C7063A /* Release */ = {
			isa = XCBuildConfiguration;
			buildSettings = {
				GCC_PRECOMPILE_PREFIX_HEADER = YES;
				GCC_PREFIX_HEADER = "myScoreBoard/myScoreBoard-Prefix.pch";
				INFOPLIST_FILE = "myScoreBoard/myScoreBoard-Info.plist";
				IPHONEOS_DEPLOYMENT_TARGET = 6.0;
				PRODUCT_NAME = "$(TARGET_NAME)";
				WRAPPER_EXTENSION = app;
			};
			name = Release;
		};
/* End XCBuildConfiguration section */

/* Begin XCConfigurationList section */
		8149659D1733CA7900C7063A /* Build configuration list for PBXProject "myScoreBoard" */ = {
			isa = XCConfigurationList;
			buildConfigurations = (
				814965C31733CA7A00C7063A /* Debug */,
				814965C41733CA7A00C7063A /* Release */,
			);
			defaultConfigurationIsVisible = 0;
			defaultConfigurationName = Release;
		};
		814965C51733CA7A00C7063A /* Build configuration list for PBXNativeTarget "Scoreboard" */ = {
			isa = XCConfigurationList;
			buildConfigurations = (
				814965C61733CA7A00C7063A /* Debug */,
				814965C71733CA7A00C7063A /* Release */,
			);
			defaultConfigurationIsVisible = 0;
			defaultConfigurationName = Release;
		};
/* End XCConfigurationList section */
	};
	rootObject = 8149659A1733CA7900C7063A /* Project object */;
}
